
Microsoft Visual Studio Solution File, Format Version 12.00
# Visual Studio 15
VisualStudioVersion = 15.0.28307.421
MinimumVisualStudioVersion = 10.0.40219.1
Project("{FAE04EC0-301F-11D3-BF4B-00C04F79EFBC}") = "thesis-trainer", "thesis-trainer\thesis-trainer.csproj", "{9FD9C92B-74FF-41F3-95E7-93B15B8786F4}"
EndProject
Global
	GlobalSection(SolutionConfigurationPlatforms) = preSolution
		Debug|Any CPU = Debug|Any CPU
		Debug|x64 = Debug|x64
		Release|Any CPU = Release|Any CPU
		Release|x64 = Release|x64
	EndGlobalSection
	GlobalSection(ProjectConfigurationPlatforms) = postSolution
		{9FD9C92B-74FF-41F3-95E7-93B15B8786F4}.Debug|Any CPU.ActiveCfg = Debug|Any CPU
		{9FD9C92B-74FF-41F3-95E7-93B15B8786F4}.Debug|Any CPU.Build.0 = Debug|Any CPU
		{9FD9C92B-74FF-41F3-95E7-93B15B8786F4}.Debug|x64.ActiveCfg = Debug|x64
		{9FD9C92B-74FF-41F3-95E7-93B15B8786F4}.Debug|x64.Build.0 = Debug|x64
		{9FD9C92B-74FF-41F3-95E7-93B15B8786F4}.Release|Any CPU.ActiveCfg = Release|Any CPU
		{9FD9C92B-74FF-41F3-95E7-93B15B8786F4}.Release|Any CPU.Build.0 = Release|Any CPU
		{9FD9C92B-74FF-41F3-95E7-93B15B8786F4}.Release|x64.ActiveCfg = Release|x64
		{9FD9C92B-74FF-41F3-95E7-93B15B8786F4}.Release|x64.Build.0 = Release|x64
	EndGlobalSection
	GlobalSection(SolutionProperties) = preSolution
		HideSolutionNode = FALSE
	EndGlobalSection
	GlobalSection(ExtensibilityGlobals) = postSolution
		SolutionGuid = {04F4A386-744D-4A65-99F8-97F2828AA53B}
	EndGlobalSection
EndGlobal
